
Microsoft Visual Studio Solution File, Format Version 12.00
# Visual Studio 14
VisualStudioVersion = 14.0.25420.1
MinimumVisualStudioVersion = 10.0.40219.1
Project("{FAE04EC0-301F-11D3-BF4B-00C04F79EFBC}") = "ImageGalleryChooser", "ImageGalleryChooser\ImageGalleryChooser\ImageGalleryChooser.csproj", "{B2AD58C4-A902-469A-BDEA-E8774DE4F37E}"
EndProject
Project("{FAE04EC0-301F-11D3-BF4B-00C04F79EFBC}") = "ImageGalleryChooser.Droid", "ImageGalleryChooser\ImageGalleryChooser.Droid\ImageGalleryChooser.Droid.csproj", "{FDDEE363-394C-4DEE-81BC-2051BEDB37A3}"
EndProject
Project("{FAE04EC0-301F-11D3-BF4B-00C04F79EFBC}") = "ImageGalleryChooser.iOS", "ImageGalleryChooser\ImageGalleryChooser.iOS\ImageGalleryChooser.iOS.csproj", "{31728EAA-8EE8-4743-A064-50FD596D9EA0}"
EndProject
Global
	GlobalSection(SolutionConfigurationPlatforms) = preSolution
		Ad-Hoc|Any CPU = Ad-Hoc|Any CPU
		Ad-Hoc|iPhone = Ad-Hoc|iPhone
		Ad-Hoc|iPhoneSimulator = Ad-Hoc|iPhoneSimulator
		AppStore|Any CPU = AppStore|Any CPU
		AppStore|iPhone = AppStore|iPhone
		AppStore|iPhoneSimulator = AppStore|iPhoneSimulator
		Debug|Any CPU = Debug|Any CPU
		Debug|iPhone = Debug|iPhone
		Debug|iPhoneSimulator = Debug|iPhoneSimulator
		Release|Any CPU = Release|Any CPU
		Release|iPhone = Release|iPhone
		Release|iPhoneSimulator = Release|iPhoneSimulator
	EndGlobalSection
	GlobalSection(ProjectConfigurationPlatforms) = postSolution
		{B2AD58C4-A902-469A-BDEA-E8774DE4F37E}.Ad-Hoc|Any CPU.ActiveCfg = Release|Any CPU
		{B2AD58C4-A902-469A-BDEA-E8774DE4F37E}.Ad-Hoc|Any CPU.Build.0 = Release|Any CPU
		{B2AD58C4-A902-469A-BDEA-E8774DE4F37E}.Ad-Hoc|iPhone.ActiveCfg = Release|Any CPU
		{B2AD58C4-A902-469A-BDEA-E8774DE4F37E}.Ad-Hoc|iPhone.Build.0 = Release|Any CPU
		{B2AD58C4-A902-469A-BDEA-E8774DE4F37E}.Ad-Hoc|iPhoneSimulator.ActiveCfg = Release|Any CPU
		{B2AD58C4-A902-469A-BDEA-E8774DE4F37E}.Ad-Hoc|iPhoneSimulator.Build.0 = Release|Any CPU
		{B2AD58C4-A902-469A-BDEA-E8774DE4F37E}.AppStore|Any CPU.ActiveCfg = Release|Any CPU
		{B2AD58C4-A902-469A-BDEA-E8774DE4F37E}.AppStore|Any CPU.Build.0 = Release|Any CPU
		{B2AD58C4-A902-469A-BDEA-E8774DE4F37E}.AppStore|iPhone.ActiveCfg = Release|Any CPU
		{B2AD58C4-A902-469A-BDEA-E8774DE4F37E}.AppStore|iPhone.Build.0 = Release|Any CPU
		{B2AD58C4-A902-469A-BDEA-E8774DE4F37E}.AppStore|iPhoneSimulator.ActiveCfg = Release|Any CPU
		{B2AD58C4-A902-469A-BDEA-E8774DE4F37E}.AppStore|iPhoneSimulator.Build.0 = Release|Any CPU
		{B2AD58C4-A902-469A-BDEA-E8774DE4F37E}.Debug|Any CPU.ActiveCfg = Debug|Any CPU
		{B2AD58C4-A902-469A-BDEA-E8774DE4F37E}.Debug|Any CPU.Build.0 = Debug|Any CPU
		{B2AD58C4-A902-469A-BDEA-E8774DE4F37E}.Debug|iPhone.ActiveCfg = Debug|Any CPU
		{B2AD58C4-A902-469A-BDEA-E8774DE4F37E}.Debug|iPhone.Build.0 = Debug|Any CPU
		{B2AD58C4-A902-469A-BDEA-E8774DE4F37E}.Debug|iPhoneSimulator.ActiveCfg = Debug|Any CPU
		{B2AD58C4-A902-469A-BDEA-E8774DE4F37E}.Debug|iPhoneSimulator.Build.0 = Debug|Any CPU
		{B2AD58C4-A902-469A-BDEA-E8774DE4F37E}.Release|Any CPU.ActiveCfg = Release|Any CPU
		{B2AD58C4-A902-469A-BDEA-E8774DE4F37E}.Release|Any CPU.Build.0 = Release|Any CPU
		{B2AD58C4-A902-469A-BDEA-E8774DE4F37E}.Release|iPhone.ActiveCfg = Release|Any CPU
		{B2AD58C4-A902-469A-BDEA-E8774DE4F37E}.Release|iPhone.Build.0 = Release|Any CPU
		{B2AD58C4-A902-469A-BDEA-E8774DE4F37E}.Release|iPhoneSimulator.ActiveCfg = Release|Any CPU
		{B2AD58C4-A902-469A-BDEA-E8774DE4F37E}.Release|iPhoneSimulator.Build.0 = Release|Any CPU
		{FDDEE363-394C-4DEE-81BC-2051BEDB37A3}.Ad-Hoc|Any CPU.ActiveCfg = Release|Any CPU
		{FDDEE363-394C-4DEE-81BC-2051BEDB37A3}.Ad-Hoc|Any CPU.Build.0 = Release|Any CPU
		{FDDEE363-394C-4DEE-81BC-2051BEDB37A3}.Ad-Hoc|Any CPU.Deploy.0 = Release|Any CPU
		{FDDEE363-394C-4DEE-81BC-2051BEDB37A3}.Ad-Hoc|iPhone.ActiveCfg = Release|Any CPU
		{FDDEE363-394C-4DEE-81BC-2051BEDB37A3}.Ad-Hoc|iPhone.Build.0 = Release|Any CPU
		{FDDEE363-394C-4DEE-81BC-2051BEDB37A3}.Ad-Hoc|iPhone.Deploy.0 = Release|Any CPU
		{FDDEE363-394C-4DEE-81BC-2051BEDB37A3}.Ad-Hoc|iPhoneSimulator.ActiveCfg = Release|Any CPU
		{FDDEE363-394C-4DEE-81BC-2051BEDB37A3}.Ad-Hoc|iPhoneSimulator.Build.0 = Release|Any CPU
		{FDDEE363-394C-4DEE-81BC-2051BEDB37A3}.Ad-Hoc|iPhoneSimulator.Deploy.0 = Release|Any CPU
		{FDDEE363-394C-4DEE-81BC-2051BEDB37A3}.AppStore|Any CPU.ActiveCfg = Release|Any CPU
		{FDDEE363-394C-4DEE-81BC-2051BEDB37A3}.AppStore|Any CPU.Build.0 = Release|Any CPU
		{FDDEE363-394C-4DEE-81BC-2051BEDB37A3}.AppStore|Any CPU.Deploy.0 = Release|Any CPU
		{FDDEE363-394C-4DEE-81BC-2051BEDB37A3}.AppStore|iPhone.ActiveCfg = Release|Any CPU
		{FDDEE363-394C-4DEE-81BC-2051BEDB37A3}.AppStore|iPhone.Build.0 = Release|Any CPU
		{FDDEE363-394C-4DEE-81BC-2051BEDB37A3}.AppStore|iPhone.Deploy.0 = Release|Any CPU
		{FDDEE363-394C-4DEE-81BC-2051BEDB37A3}.AppStore|iPhoneSimulator.ActiveCfg = Release|Any CPU
		{FDDEE363-394C-4DEE-81BC-2051BEDB37A3}.AppStore|iPhoneSimulator.Build.0 = Release|Any CPU
		{FDDEE363-394C-4DEE-81BC-2051BEDB37A3}.AppStore|iPhoneSimulator.Deploy.0 = Release|Any CPU
		{FDDEE363-394C-4DEE-81BC-2051BEDB37A3}.Debug|Any CPU.ActiveCfg = Debug|Any CPU
		{FDDEE363-394C-4DEE-81BC-2051BEDB37A3}.Debug|Any CPU.Build.0 = Debug|Any CPU
		{FDDEE363-394C-4DEE-81BC-2051BEDB37A3}.Debug|Any CPU.Deploy.0 = Debug|Any CPU
		{FDDEE363-394C-4DEE-81BC-2051BEDB37A3}.Debug|iPhone.ActiveCfg = Debug|Any CPU
		{FDDEE363-394C-4DEE-81BC-2051BEDB37A3}.Debug|iPhone.Build.0 = Debug|Any CPU
		{FDDEE363-394C-4DEE-81BC-2051BEDB37A3}.Debug|iPhone.Deploy.0 = Debug|Any CPU
		{FDDEE363-394C-4DEE-81BC-2051BEDB37A3}.Debug|iPhoneSimulator.ActiveCfg = Debug|Any CPU
		{FDDEE363-394C-4DEE-81BC-2051BEDB37A3}.Debug|iPhoneSimulator.Build.0 = Debug|Any CPU
		{FDDEE363-394C-4DEE-81BC-2051BEDB37A3}.Debug|iPhoneSimulator.Deploy.0 = Debug|Any CPU
		{FDDEE363-394C-4DEE-81BC-2051BEDB37A3}.Release|Any CPU.ActiveCfg = Release|Any CPU
		{FDDEE363-394C-4DEE-81BC-2051BEDB37A3}.Release|Any CPU.Build.0 = Release|Any CPU
		{FDDEE363-394C-4DEE-81BC-2051BEDB37A3}.Release|Any CPU.Deploy.0 = Release|Any CPU
		{FDDEE363-394C-4DEE-81BC-2051BEDB37A3}.Release|iPhone.ActiveCfg = Release|Any CPU
		{FDDEE363-394C-4DEE-81BC-2051BEDB37A3}.Release|iPhone.Build.0 = Release|Any CPU
		{FDDEE363-394C-4DEE-81BC-2051BEDB37A3}.Release|iPhone.Deploy.0 = Release|Any CPU
		{FDDEE363-394C-4DEE-81BC-2051BEDB37A3}.Release|iPhoneSimulator.ActiveCfg = Release|Any CPU
		{FDDEE363-394C-4DEE-81BC-2051BEDB37A3}.Release|iPhoneSimulator.Build.0 = Release|Any CPU
		{FDDEE363-394C-4DEE-81BC-2051BEDB37A3}.Release|iPhoneSimulator.Deploy.0 = Release|Any CPU
		{31728EAA-8EE8-4743-A064-50FD596D9EA0}.Ad-Hoc|Any CPU.ActiveCfg = Ad-Hoc|iPhone
		{31728EAA-8EE8-4743-A064-50FD596D9EA0}.Ad-Hoc|iPhone.ActiveCfg = Ad-Hoc|iPhone
		{31728EAA-8EE8-4743-A064-50FD596D9EA0}.Ad-Hoc|iPhone.Build.0 = Ad-Hoc|iPhone
		{31728EAA-8EE8-4743-A064-50FD596D9EA0}.Ad-Hoc|iPhoneSimulator.ActiveCfg = Ad-Hoc|iPhoneSimulator
		{31728EAA-8EE8-4743-A064-50FD596D9EA0}.Ad-Hoc|iPhoneSimulator.Build.0 = Ad-Hoc|iPhoneSimulator
		{31728EAA-8EE8-4743-A064-50FD596D9EA0}.AppStore|Any CPU.ActiveCfg = AppStore|iPhone
		{31728EAA-8EE8-4743-A064-50FD596D9EA0}.AppStore|iPhone.ActiveCfg = AppStore|iPhone
		{31728EAA-8EE8-4743-A064-50FD596D9EA0}.AppStore|iPhone.Build.0 = AppStore|iPhone
		{31728EAA-8EE8-4743-A064-50FD596D9EA0}.AppStore|iPhoneSimulator.ActiveCfg = AppStore|iPhoneSimulator
		{31728EAA-8EE8-4743-A064-50FD596D9EA0}.AppStore|iPhoneSimulator.Build.0 = AppStore|iPhoneSimulator
		{31728EAA-8EE8-4743-A064-50FD596D9EA0}.Debug|Any CPU.ActiveCfg = Debug|iPhone
		{31728EAA-8EE8-4743-A064-50FD596D9EA0}.Debug|iPhone.ActiveCfg = Debug|iPhone
		{31728EAA-8EE8-4743-A064-50FD596D9EA0}.Debug|iPhone.Build.0 = Debug|iPhone
		{31728EAA-8EE8-4743-A064-50FD596D9EA0}.Debug|iPhoneSimulator.ActiveCfg = Debug|iPhoneSimulator
		{31728EAA-8EE8-4743-A064-50FD596D9EA0}.Debug|iPhoneSimulator.Build.0 = Debug|iPhoneSimulator
		{31728EAA-8EE8-4743-A064-50FD596D9EA0}.Release|Any CPU.ActiveCfg = Release|iPhone
		{31728EAA-8EE8-4743-A064-50FD596D9EA0}.Release|iPhone.ActiveCfg = Release|iPhone
		{31728EAA-8EE8-4743-A064-50FD596D9EA0}.Release|iPhone.Build.0 = Release|iPhone
		{31728EAA-8EE8-4743-A064-50FD596D9EA0}.Release|iPhoneSimulator.ActiveCfg = Release|iPhoneSimulator
		{31728EAA-8EE8-4743-A064-50FD596D9EA0}.Release|iPhoneSimulator.Build.0 = Release|iPhoneSimulator
	EndGlobalSection
	GlobalSection(SolutionProperties) = preSolution
		HideSolutionNode = FALSE
	EndGlobalSection
EndGlobal
